
Microsoft Visual Studio Solution File, Format Version 12.00
# Visual Studio Version 17
VisualStudioVersion = 17.14.36310.24
MinimumVisualStudioVersion = 10.0.40219.1
Project("{FAE04EC0-301F-11D3-BF4B-00C04F79EFBC}") = "FullStackTest.Api", "FullStackTest.Api\FullStackTest.Api.csproj", "{42502D4B-49E6-4FEC-B82E-5B6B9BB0ECDE}"
EndProject
Project("{FAE04EC0-301F-11D3-BF4B-00C04F79EFBC}") = "FullStackTest.Api.Tests", "FullStackTest.Api.Tests\FullStackTest.Api.Tests.csproj", "{D8CE5CDB-33FC-4D31-BF2A-68F5A69CD56B}"
EndProject
Global
	GlobalSection(SolutionConfigurationPlatforms) = preSolution
		Debug|Any CPU = Debug|Any CPU
		Release|Any CPU = Release|Any CPU
	EndGlobalSection
	GlobalSection(ProjectConfigurationPlatforms) = postSolution
		{42502D4B-49E6-4FEC-B82E-5B6B9BB0ECDE}.Debug|Any CPU.ActiveCfg = Debug|Any CPU
		{42502D4B-49E6-4FEC-B82E-5B6B9BB0ECDE}.Debug|Any CPU.Build.0 = Debug|Any CPU
		{42502D4B-49E6-4FEC-B82E-5B6B9BB0ECDE}.Release|Any CPU.ActiveCfg = Release|Any CPU
		{42502D4B-49E6-4FEC-B82E-5B6B9BB0ECDE}.Release|Any CPU.Build.0 = Release|Any CPU
		{D8CE5CDB-33FC-4D31-BF2A-68F5A69CD56B}.Debug|Any CPU.ActiveCfg = Debug|Any CPU
		{D8CE5CDB-33FC-4D31-BF2A-68F5A69CD56B}.Debug|Any CPU.Build.0 = Debug|Any CPU
		{D8CE5CDB-33FC-4D31-BF2A-68F5A69CD56B}.Release|Any CPU.ActiveCfg = Release|Any CPU
		{D8CE5CDB-33FC-4D31-BF2A-68F5A69CD56B}.Release|Any CPU.Build.0 = Release|Any CPU
	EndGlobalSection
	GlobalSection(SolutionProperties) = preSolution
		HideSolutionNode = FALSE
	EndGlobalSection
	GlobalSection(ExtensibilityGlobals) = postSolution
		SolutionGuid = {9B18F616-D260-42B3-B557-49BFB2C6D380}
	EndGlobalSection
EndGlobal
